
Microsoft Visual Studio Solution File, Format Version 12.00
# Visual Studio Version 17
VisualStudioVersion = 17.1.32421.90
MinimumVisualStudioVersion = 10.0.40219.1
Project("{FAE04EC0-301F-11D3-BF4B-00C04F79EFBC}") = "Ximo.EmailMessaging.SendGrid", "Ximo.EmailMessaging.SendGrid.csproj", "{5B207C22-9204-49A7-BE4C-0C6E723B7FC1}"
EndProject
Global
	GlobalSection(SolutionConfigurationPlatforms) = preSolution
		Debug|Any CPU = Debug|Any CPU
		Release|Any CPU = Release|Any CPU
	EndGlobalSection
	GlobalSection(ProjectConfigurationPlatforms) = postSolution
		{5B207C22-9204-49A7-BE4C-0C6E723B7FC1}.Debug|Any CPU.ActiveCfg = Debug|Any CPU
		{5B207C22-9204-49A7-BE4C-0C6E723B7FC1}.Debug|Any CPU.Build.0 = Debug|Any CPU
		{5B207C22-9204-49A7-BE4C-0C6E723B7FC1}.Release|Any CPU.ActiveCfg = Release|Any CPU
		{5B207C22-9204-49A7-BE4C-0C6E723B7FC1}.Release|Any CPU.Build.0 = Release|Any CPU
	EndGlobalSection
	GlobalSection(SolutionProperties) = preSolution
		HideSolutionNode = FALSE
	EndGlobalSection
	GlobalSection(ExtensibilityGlobals) = postSolution
		SolutionGuid = {AF97F19F-4719-475D-A606-ED1F595DB34A}
	EndGlobalSection
EndGlobal
